
Microsoft Visual Studio Solution File, Format Version 12.00
# Visual Studio 2012
Project("{FAE04EC0-301F-11D3-BF4B-00C04F79EFBC}") = "Integrate.ModelValidator", "Integrate.ModelValidator\Integrate.ModelValidator.csproj", "{5D4172D1-922D-436D-BF75-FE9E81C6F22C}"
EndProject
Global
	GlobalSection(SolutionConfigurationPlatforms) = preSolution
		Debug|Any CPU = Debug|Any CPU
		Release|Any CPU = Release|Any CPU
	EndGlobalSection
	GlobalSection(ProjectConfigurationPlatforms) = postSolution
		{5D4172D1-922D-436D-BF75-FE9E81C6F22C}.Debug|Any CPU.ActiveCfg = Debug|Any CPU
		{5D4172D1-922D-436D-BF75-FE9E81C6F22C}.Debug|Any CPU.Build.0 = Debug|Any CPU
		{5D4172D1-922D-436D-BF75-FE9E81C6F22C}.Release|Any CPU.ActiveCfg = Release|Any CPU
		{5D4172D1-922D-436D-BF75-FE9E81C6F22C}.Release|Any CPU.Build.0 = Release|Any CPU
	EndGlobalSection
	GlobalSection(SolutionProperties) = preSolution
		HideSolutionNode = FALSE
	EndGlobalSection
EndGlobal
